
Microsoft Visual Studio Solution File, Format Version 12.00
# Visual Studio Version 16
VisualStudioVersion = 16.0.31605.320
MinimumVisualStudioVersion = 10.0.40219.1
Project("{FAE04EC0-301F-11D3-BF4B-00C04F79EFBC}") = "ConsoleApp1", "ConsoleApp1\ConsoleApp1.csproj", "{1F243CF4-DADD-4A4C-AB98-A1E80D2D0171}"
EndProject
Project("{2150E333-8FDC-42A3-9474-1A3956D46DE8}") = "Modul2_3", "Modul2_3", "{EAF21F86-D7CC-4290-BEFD-8B28EA4479BF}"
EndProject
Project("{2150E333-8FDC-42A3-9474-1A3956D46DE8}") = "intro_csharp", "intro_csharp", "{5B36A378-2282-4A28-B783-28B9DC0409FF}"
EndProject
Project("{FAE04EC0-301F-11D3-BF4B-00C04F79EFBC}") = "oppgave1a", "oppgave1a\oppgave1a.csproj", "{AB05098D-CD1C-4291-B2CD-3A2C10C0483D}"
EndProject
Project("{FAE04EC0-301F-11D3-BF4B-00C04F79EFBC}") = "oppgave1b", "oppgave1b\oppgave1b.csproj", "{3C7211D8-3A74-4EA5-BC2C-CE8E55ACCE30}"
EndProject
Project("{FAE04EC0-301F-11D3-BF4B-00C04F79EFBC}") = "oppgave1c", "oppgave1c\oppgave1c.csproj", "{ABDA5FEB-44AE-44EE-907B-0A8990071163}"
EndProject
Project("{2150E333-8FDC-42A3-9474-1A3956D46DE8}") = "Modul4", "Modul4", "{CA157DF2-77C0-4794-A925-14E221B3C508}"
EndProject
Project("{2150E333-8FDC-42A3-9474-1A3956D46DE8}") = "Modul5", "Modul5", "{E8106A3E-C75F-49D1-9FDB-BEF506D2C082}"
EndProject
Project("{FAE04EC0-301F-11D3-BF4B-00C04F79EFBC}") = "Bintall", "Bintall\Bintall.csproj", "{5B6D4930-F936-4F4F-A0F7-E916DF78F9EA}"
EndProject
Project("{FAE04EC0-301F-11D3-BF4B-00C04F79EFBC}") = "MyMediaList", "MyMediaList\MyMediaList.csproj", "{9DCEF1B9-219C-4596-9202-61584D22AE95}"
EndProject
Project("{FAE04EC0-301F-11D3-BF4B-00C04F79EFBC}") = "DebuggProg", "DebuggProg\DebuggProg.csproj", "{16C20982-32E9-4848-B007-0E80DF6DB7F4}"
EndProject
Project("{FAE04EC0-301F-11D3-BF4B-00C04F79EFBC}") = "Test", "Test\Test.csproj", "{C3765081-FA51-4134-9671-F8D68B254FC1}"
EndProject
Project("{9A19103F-16F7-4668-BE54-9A1E7A4F7556}") = "MvcProductStore", "MvCProductStore 1\MvcProductStore.csproj", "{BE96CC6B-D998-4947-AF9C-BDD414B75EBC}"
EndProject
Project("{9A19103F-16F7-4668-BE54-9A1E7A4F7556}") = "ProductUnitTest", "ProductUnitTest\ProductUnitTest.csproj", "{5997E244-56E5-48A2-9104-C185F58D15B9}"
EndProject
Project("{9A19103F-16F7-4668-BE54-9A1E7A4F7556}") = "Oblig2_Blogg", "Oblig2_Blogg\Oblig2_Blogg.csproj", "{6363C24A-D402-4803-AC01-6F49F2FEF001}"
EndProject
Project("{FAE04EC0-301F-11D3-BF4B-00C04F79EFBC}") = "BlogTest", "BlogTest\BlogTest.csproj", "{AA359532-6FAC-4F4B-BA1C-8237FBD0C93D}"
EndProject
Global
	GlobalSection(SolutionConfigurationPlatforms) = preSolution
		Debug|Any CPU = Debug|Any CPU
		Release|Any CPU = Release|Any CPU
	EndGlobalSection
	GlobalSection(ProjectConfigurationPlatforms) = postSolution
		{1F243CF4-DADD-4A4C-AB98-A1E80D2D0171}.Debug|Any CPU.ActiveCfg = Debug|Any CPU
		{1F243CF4-DADD-4A4C-AB98-A1E80D2D0171}.Debug|Any CPU.Build.0 = Debug|Any CPU
		{1F243CF4-DADD-4A4C-AB98-A1E80D2D0171}.Release|Any CPU.ActiveCfg = Release|Any CPU
		{1F243CF4-DADD-4A4C-AB98-A1E80D2D0171}.Release|Any CPU.Build.0 = Release|Any CPU
		{AB05098D-CD1C-4291-B2CD-3A2C10C0483D}.Debug|Any CPU.ActiveCfg = Debug|Any CPU
		{AB05098D-CD1C-4291-B2CD-3A2C10C0483D}.Debug|Any CPU.Build.0 = Debug|Any CPU
		{AB05098D-CD1C-4291-B2CD-3A2C10C0483D}.Release|Any CPU.ActiveCfg = Release|Any CPU
		{AB05098D-CD1C-4291-B2CD-3A2C10C0483D}.Release|Any CPU.Build.0 = Release|Any CPU
		{3C7211D8-3A74-4EA5-BC2C-CE8E55ACCE30}.Debug|Any CPU.ActiveCfg = Debug|Any CPU
		{3C7211D8-3A74-4EA5-BC2C-CE8E55ACCE30}.Debug|Any CPU.Build.0 = Debug|Any CPU
		{3C7211D8-3A74-4EA5-BC2C-CE8E55ACCE30}.Release|Any CPU.ActiveCfg = Release|Any CPU
		{3C7211D8-3A74-4EA5-BC2C-CE8E55ACCE30}.Release|Any CPU.Build.0 = Release|Any CPU
		{ABDA5FEB-44AE-44EE-907B-0A8990071163}.Debug|Any CPU.ActiveCfg = Debug|Any CPU
		{ABDA5FEB-44AE-44EE-907B-0A8990071163}.Debug|Any CPU.Build.0 = Debug|Any CPU
		{ABDA5FEB-44AE-44EE-907B-0A8990071163}.Release|Any CPU.ActiveCfg = Release|Any CPU
		{ABDA5FEB-44AE-44EE-907B-0A8990071163}.Release|Any CPU.Build.0 = Release|Any CPU
		{5B6D4930-F936-4F4F-A0F7-E916DF78F9EA}.Debug|Any CPU.ActiveCfg = Debug|Any CPU
		{5B6D4930-F936-4F4F-A0F7-E916DF78F9EA}.Debug|Any CPU.Build.0 = Debug|Any CPU
		{5B6D4930-F936-4F4F-A0F7-E916DF78F9EA}.Release|Any CPU.ActiveCfg = Release|Any CPU
		{5B6D4930-F936-4F4F-A0F7-E916DF78F9EA}.Release|Any CPU.Build.0 = Release|Any CPU
		{9DCEF1B9-219C-4596-9202-61584D22AE95}.Debug|Any CPU.ActiveCfg = Debug|Any CPU
		{9DCEF1B9-219C-4596-9202-61584D22AE95}.Debug|Any CPU.Build.0 = Debug|Any CPU
		{9DCEF1B9-219C-4596-9202-61584D22AE95}.Release|Any CPU.ActiveCfg = Release|Any CPU
		{9DCEF1B9-219C-4596-9202-61584D22AE95}.Release|Any CPU.Build.0 = Release|Any CPU
		{16C20982-32E9-4848-B007-0E80DF6DB7F4}.Debug|Any CPU.ActiveCfg = Debug|Any CPU
		{16C20982-32E9-4848-B007-0E80DF6DB7F4}.Debug|Any CPU.Build.0 = Debug|Any CPU
		{16C20982-32E9-4848-B007-0E80DF6DB7F4}.Release|Any CPU.ActiveCfg = Release|Any CPU
		{16C20982-32E9-4848-B007-0E80DF6DB7F4}.Release|Any CPU.Build.0 = Release|Any CPU
		{C3765081-FA51-4134-9671-F8D68B254FC1}.Debug|Any CPU.ActiveCfg = Debug|Any CPU
		{C3765081-FA51-4134-9671-F8D68B254FC1}.Debug|Any CPU.Build.0 = Debug|Any CPU
		{C3765081-FA51-4134-9671-F8D68B254FC1}.Release|Any CPU.ActiveCfg = Release|Any CPU
		{C3765081-FA51-4134-9671-F8D68B254FC1}.Release|Any CPU.Build.0 = Release|Any CPU
		{BE96CC6B-D998-4947-AF9C-BDD414B75EBC}.Debug|Any CPU.ActiveCfg = Debug|Any CPU
		{BE96CC6B-D998-4947-AF9C-BDD414B75EBC}.Debug|Any CPU.Build.0 = Debug|Any CPU
		{BE96CC6B-D998-4947-AF9C-BDD414B75EBC}.Release|Any CPU.ActiveCfg = Release|Any CPU
		{BE96CC6B-D998-4947-AF9C-BDD414B75EBC}.Release|Any CPU.Build.0 = Release|Any CPU
		{5997E244-56E5-48A2-9104-C185F58D15B9}.Debug|Any CPU.ActiveCfg = Debug|Any CPU
		{5997E244-56E5-48A2-9104-C185F58D15B9}.Debug|Any CPU.Build.0 = Debug|Any CPU
		{5997E244-56E5-48A2-9104-C185F58D15B9}.Release|Any CPU.ActiveCfg = Release|Any CPU
		{5997E244-56E5-48A2-9104-C185F58D15B9}.Release|Any CPU.Build.0 = Release|Any CPU
		{6363C24A-D402-4803-AC01-6F49F2FEF001}.Debug|Any CPU.ActiveCfg = Debug|Any CPU
		{6363C24A-D402-4803-AC01-6F49F2FEF001}.Debug|Any CPU.Build.0 = Debug|Any CPU
		{6363C24A-D402-4803-AC01-6F49F2FEF001}.Release|Any CPU.ActiveCfg = Release|Any CPU
		{6363C24A-D402-4803-AC01-6F49F2FEF001}.Release|Any CPU.Build.0 = Release|Any CPU
		{AA359532-6FAC-4F4B-BA1C-8237FBD0C93D}.Debug|Any CPU.ActiveCfg = Debug|Any CPU
		{AA359532-6FAC-4F4B-BA1C-8237FBD0C93D}.Debug|Any CPU.Build.0 = Debug|Any CPU
		{AA359532-6FAC-4F4B-BA1C-8237FBD0C93D}.Release|Any CPU.ActiveCfg = Release|Any CPU
		{AA359532-6FAC-4F4B-BA1C-8237FBD0C93D}.Release|Any CPU.Build.0 = Release|Any CPU
	EndGlobalSection
	GlobalSection(SolutionProperties) = preSolution
		HideSolutionNode = FALSE
	EndGlobalSection
	GlobalSection(NestedProjects) = preSolution
		{1F243CF4-DADD-4A4C-AB98-A1E80D2D0171} = {5B36A378-2282-4A28-B783-28B9DC0409FF}
		{AB05098D-CD1C-4291-B2CD-3A2C10C0483D} = {5B36A378-2282-4A28-B783-28B9DC0409FF}
		{3C7211D8-3A74-4EA5-BC2C-CE8E55ACCE30} = {5B36A378-2282-4A28-B783-28B9DC0409FF}
		{ABDA5FEB-44AE-44EE-907B-0A8990071163} = {5B36A378-2282-4A28-B783-28B9DC0409FF}
		{5B6D4930-F936-4F4F-A0F7-E916DF78F9EA} = {EAF21F86-D7CC-4290-BEFD-8B28EA4479BF}
		{9DCEF1B9-219C-4596-9202-61584D22AE95} = {EAF21F86-D7CC-4290-BEFD-8B28EA4479BF}
		{16C20982-32E9-4848-B007-0E80DF6DB7F4} = {EAF21F86-D7CC-4290-BEFD-8B28EA4479BF}
		{C3765081-FA51-4134-9671-F8D68B254FC1} = {EAF21F86-D7CC-4290-BEFD-8B28EA4479BF}
		{BE96CC6B-D998-4947-AF9C-BDD414B75EBC} = {EAF21F86-D7CC-4290-BEFD-8B28EA4479BF}
		{5997E244-56E5-48A2-9104-C185F58D15B9} = {EAF21F86-D7CC-4290-BEFD-8B28EA4479BF}
		{6363C24A-D402-4803-AC01-6F49F2FEF001} = {CA157DF2-77C0-4794-A925-14E221B3C508}
		{AA359532-6FAC-4F4B-BA1C-8237FBD0C93D} = {CA157DF2-77C0-4794-A925-14E221B3C508}
	EndGlobalSection
	GlobalSection(ExtensibilityGlobals) = postSolution
		SolutionGuid = {C2201BC3-A8C8-4562-B0E7-38729F13449A}
	EndGlobalSection
EndGlobal
